
Microsoft Visual Studio Solution File, Format Version 12.00
# Visual Studio Version 16
VisualStudioVersion = 16.0.32126.315
MinimumVisualStudioVersion = 10.0.40219.1
Project("{FAE04EC0-301F-11D3-BF4B-00C04F79EFBC}") = "comp2084Winter2022Thursday", "comp2084Winter2022Thursday\comp2084Winter2022Thursday.csproj", "{861FDB0E-466B-4FCB-913C-7829EB5D2C94}"
EndProject
Global
	GlobalSection(SolutionConfigurationPlatforms) = preSolution
		Debug|Any CPU = Debug|Any CPU
		Release|Any CPU = Release|Any CPU
	EndGlobalSection
	GlobalSection(ProjectConfigurationPlatforms) = postSolution
		{861FDB0E-466B-4FCB-913C-7829EB5D2C94}.Debug|Any CPU.ActiveCfg = Debug|Any CPU
		{861FDB0E-466B-4FCB-913C-7829EB5D2C94}.Debug|Any CPU.Build.0 = Debug|Any CPU
		{861FDB0E-466B-4FCB-913C-7829EB5D2C94}.Release|Any CPU.ActiveCfg = Release|Any CPU
		{861FDB0E-466B-4FCB-913C-7829EB5D2C94}.Release|Any CPU.Build.0 = Release|Any CPU
	EndGlobalSection
	GlobalSection(SolutionProperties) = preSolution
		HideSolutionNode = FALSE
	EndGlobalSection
	GlobalSection(ExtensibilityGlobals) = postSolution
		SolutionGuid = {726A1AFF-3227-409D-9AA4-2F3F2E13B449}
	EndGlobalSection
EndGlobal
